// !$*UTF8*$!
{
	archiveVersion = 1;
	classes = {
	};
	objectVersion = 46;
	objects = {

/* Begin PBXBuildFile section */
		E608288219F4D9F1006E5AFD /* AppDelegate.swift in Sources */ = {isa = PBXBuildFile; fileRef = E608288119F4D9F1006E5AFD /* AppDelegate.swift */; };
		E608288419F4D9F1006E5AFD /* ViewController.swift in Sources */ = {isa = PBXBuildFile; fileRef = E608288319F4D9F1006E5AFD /* ViewController.swift */; };
		E608288719F4D9F1006E5AFD /* Main.storyboard in Resources */ = {isa = PBXBuildFile; fileRef = E608288519F4D9F1006E5AFD /* Main.storyboard */; };
		E608288919F4D9F1006E5AFD /* Images.xcassets in Resources */ = {isa = PBXBuildFile; fileRef = E608288819F4D9F1006E5AFD /* Images.xcassets */; };
		E608288C19F4D9F1006E5AFD /* LaunchScreen.xib in Resources */ = {isa = PBXBuildFile; fileRef = E608288A19F4D9F1006E5AFD /* LaunchScreen.xib */; };
		E608289819F4D9F1006E5AFD /* FacebookTests.swift in Sources */ = {isa = PBXBuildFile; fileRef = E608289719F4D9F1006E5AFD /* FacebookTests.swift */; };
/* End PBXBuildFile section */

/* Begin PBXContainerItemProxy section */
		E608289219F4D9F1006E5AFD /* PBXContainerItemProxy */ = {
			isa = PBXContainerItemProxy;
			containerPortal = E608287419F4D9F1006E5AFD /* Project object */;
			proxyType = 1;
			remoteGlobalIDString = E608287B19F4D9F1006E5AFD;
			remoteInfo = Facebook;
		};
/* End PBXContainerItemProxy section */

/* Begin PBXFileReference section */
		E608287C19F4D9F1006E5AFD /* Facebook.app */ = {isa = PBXFileReference; explicitFileType = wrapper.application; includeInIndex = 0; path = Facebook.app; sourceTree = BUILT_PRODUCTS_DIR; };
		E608288019F4D9F1006E5AFD /* Info.plist */ = {isa = PBXFileReference; lastKnownFileType = text.plist.xml; path = Info.plist; sourceTree = "<group>"; };
		E608288119F4D9F1006E5AFD /* AppDelegate.swift */ = {isa = PBXFileReference; lastKnownFileType = sourcecode.swift; path = AppDelegate.swift; sourceTree = "<group>"; };
		E608288319F4D9F1006E5AFD /* ViewController.swift */ = {isa = PBXFileReference; lastKnownFileType = sourcecode.swift; path = ViewController.swift; sourceTree = "<group>"; };
		E608288619F4D9F1006E5AFD /* Base */ = {isa = PBXFileReference; lastKnownFileType = file.storyboard; name = Base; path = Base.lproj/Main.storyboard; sourceTree = "<group>"; };
		E608288819F4D9F1006E5AFD /* Images.xcassets */ = {isa = PBXFileReference; lastKnownFileType = folder.assetcatalog; path = Images.xcassets; sourceTree = "<group>"; };
		E608288B19F4D9F1006E5AFD /* Base */ = {isa = PBXFileReference; lastKnownFileType = file.xib; name = Base; path = Base.lproj/LaunchScreen.xib; sourceTree = "<group>"; };
		E608289119F4D9F1006E5AFD /* FacebookTests.xctest */ = {isa = PBXFileReference; explicitFileType = wrapper.cfbundle; includeInIndex = 0; path = FacebookTests.xctest; sourceTree = BUILT_PRODUCTS_DIR; };
		E608289619F4D9F1006E5AFD /* Info.plist */ = {isa = PBXFileReference; lastKnownFileType = text.plist.xml; path = Info.plist; sourceTree = "<group>"; };
		E608289719F4D9F1006E5AFD /* FacebookTests.swift */ = {isa = PBXFileReference; lastKnownFileType = sourcecode.swift; path = FacebookTests.swift; sourceTree = "<group>"; };
/* End PBXFileReference section */

/* Begin PBXFrameworksBuildPhase section */
		E608287919F4D9F1006E5AFD /* Frameworks */ = {
			isa = PBXFrameworksBuildPhase;
			buildActionMask = 2147483647;
			files = (
			);
			runOnlyForDeploymentPostprocessing = 0;
		};
		E608288E19F4D9F1006E5AFD /* Frameworks */ = {
			isa = PBXFrameworksBuildPhase;
			buildActionMask = 2147483647;
			files = (
			);
			runOnlyForDeploymentPostprocessing = 0;
		};
/* End PBXFrameworksBuildPhase section */

/* Begin PBXGroup section */
		E608287319F4D9F1006E5AFD = {
			isa = PBXGroup;
			children = (
				E608287E19F4D9F1006E5AFD /* Facebook */,
				E608289419F4D9F1006E5AFD /* FacebookTests */,
				E608287D19F4D9F1006E5AFD /* Products */,
			);
			sourceTree = "<group>";
		};
		E608287D19F4D9F1006E5AFD /* Products */ = {
			isa = PBXGroup;
			children = (
				E608287C19F4D9F1006E5AFD /* Facebook.app */,
				E608289119F4D9F1006E5AFD /* FacebookTests.xctest */,
			);
			name = Products;
			sourceTree = "<group>";
		};
		E608287E19F4D9F1006E5AFD /* Facebook */ = {
			isa = PBXGroup;
			children = (
				E608288119F4D9F1006E5AFD /* AppDelegate.swift */,
				E608288319F4D9F1006E5AFD /* ViewController.swift */,
				E608288519F4D9F1006E5AFD /* Main.storyboard */,
				E608288819F4D9F1006E5AFD /* Images.xcassets */,
				E608288A19F4D9F1006E5AFD /* LaunchScreen.xib */,
				E608287F19F4D9F1006E5AFD /* Supporting Files */,
			);
			path = Facebook;
			sourceTree = "<group>";
		};
		E608287F19F4D9F1006E5AFD /* Supporting Files */ = {
			isa = PBXGroup;
			children = (
				E608288019F4D9F1006E5AFD /* Info.plist */,
			);
			name = "Supporting Files";
			sourceTree = "<group>";
		};
		E608289419F4D9F1006E5AFD /* FacebookTests */ = {
			isa = PBXGroup;
			children = (
				E608289719F4D9F1006E5AFD /* FacebookTests.swift */,
				E608289519F4D9F1006E5AFD /* Supporting Files */,
			);
			path = FacebookTests;
			sourceTree = "<group>";
		};
		E608289519F4D9F1006E5AFD /* Supporting Files */ = {
			isa = PBXGroup;
			children = (
				E608289619F4D9F1006E5AFD /* Info.plist */,
			);
			name = "Supporting Files";
			sourceTree = "<group>";
		};
/* End PBXGroup section */

/* Begin PBXNativeTarget section */
		E608287B19F4D9F1006E5AFD /* Facebook */ = {
			isa = PBXNativeTarget;
			buildConfigurationList = E608289B19F4D9F1006E5AFD /* Build configuration list for PBXNativeTarget "Facebook" */;
			buildPhases = (
				E608287819F4D9F1006E5AFD /* Sources */,
				E608287919F4D9F1006E5AFD /* Frameworks */,
				E608287A19F4D9F1006E5AFD /* Resources */,
			);
			buildRules = (
			);
			dependencies = (
			);
			name = Facebook;
			productName = Facebook;
			productReference = E608287C19F4D9F1006E5AFD /* Facebook.app */;
			productType = "com.apple.product-type.application";
		};
		E608289019F4D9F1006E5AFD /* FacebookTests */ = {
			isa = PBXNativeTarget;
			buildConfigurationList = E608289E19F4D9F1006E5AFD /* Build configuration list for PBXNativeTarget "FacebookTests" */;
			buildPhases = (
				E608288D19F4D9F1006E5AFD /* Sources */,
				E608288E19F4D9F1006E5AFD /* Frameworks */,
				E608288F19F4D9F1006E5AFD /* Resources */,
			);
			buildRules = (
			);
			dependencies = (
				E608289319F4D9F1006E5AFD /* PBXTargetDependency */,
			);
			name = FacebookTests;
			productName = FacebookTests;
			productReference = E608289119F4D9F1006E5AFD /* FacebookTests.xctest */;
			productType = "com.apple.product-type.bundle.unit-test";
		};
/* End PBXNativeTarget section */

/* Begin PBXProject section */
		E608287419F4D9F1006E5AFD /* Project object */ = {
			isa = PBXProject;
			attributes = {
				LastUpgradeCheck = 0600;
				ORGANIZATIONNAME = "Mel Ludowise";
				TargetAttributes = {
					E608287B19F4D9F1006E5AFD = {
						CreatedOnToolsVersion = 6.0.1;
					};
					E608289019F4D9F1006E5AFD = {
						CreatedOnToolsVersion = 6.0.1;
						TestTargetID = E608287B19F4D9F1006E5AFD;
					};
				};
			};
			buildConfigurationList = E608287719F4D9F1006E5AFD /* Build configuration list for PBXProject "Facebook" */;
			compatibilityVersion = "Xcode 3.2";
			developmentRegion = English;
			hasScannedForEncodings = 0;
			knownRegions = (
				en,
				Base,
			);
			mainGroup = E608287319F4D9F1006E5AFD;
			productRefGroup = E608287D19F4D9F1006E5AFD /* Products */;
			projectDirPath = "";
			projectRoot = "";
			targets = (
				E608287B19F4D9F1006E5AFD /* Facebook */,
				E608289019F4D9F1006E5AFD /* FacebookTests */,
			);
		};
/* End PBXProject section */

/* Begin PBXResourcesBuildPhase section */
		E608287A19F4D9F1006E5AFD /* Resources */ = {
			isa = PBXResourcesBuildPhase;
			buildActionMask = 2147483647;
			files = (
				E608288719F4D9F1006E5AFD /* Main.storyboard in Resources */,
				E608288C19F4D9F1006E5AFD /* LaunchScreen.xib in Resources */,
				E608288919F4D9F1006E5AFD /* Images.xcassets in Resources */,
			);
			runOnlyForDeploymentPostprocessing = 0;
		};
		E608288F19F4D9F1006E5AFD /* Resources */ = {
			isa = PBXResourcesBuildPhase;
			buildActionMask = 2147483647;
			files = (
			);
			runOnlyForDeploymentPostprocessing = 0;
		};
/* End PBXResourcesBuildPhase section */

/* Begin PBXSourcesBuildPhase section */
		E608287819F4D9F1006E5AFD /* Sources */ = {
			isa = PBXSourcesBuildPhase;
			buildActionMask = 2147483647;
			files = (
				E608288419F4D9F1006E5AFD /* ViewController.swift in Sources */,
				E608288219F4D9F1006E5AFD /* AppDelegate.swift in Sources */,
			);
			runOnlyForDeploymentPostprocessing = 0;
		};
		E608288D19F4D9F1006E5AFD /* Sources */ = {
			isa = PBXSourcesBuildPhase;
			buildActionMask = 2147483647;
			files = (
				E608289819F4D9F1006E5AFD /* FacebookTests.swift in Sources */,
			);
			runOnlyForDeploymentPostprocessing = 0;
		};
/* End PBXSourcesBuildPhase section */

/* Begin PBXTargetDependency section */
		E608289319F4D9F1006E5AFD /* PBXTargetDependency */ = {
			isa = PBXTargetDependency;
			target = E608287B19F4D9F1006E5AFD /* Facebook */;
			targetProxy = E608289219F4D9F1006E5AFD /* PBXContainerItemProxy */;
		};
/* End PBXTargetDependency section */

/* Begin PBXVariantGroup section */
		E608288519F4D9F1006E5AFD /* Main.storyboard */ = {
			isa = PBXVariantGroup;
			children = (
				E608288619F4D9F1006E5AFD /* Base */,
			);
			name = Main.storyboard;
			sourceTree = "<group>";
		};
		E608288A19F4D9F1006E5AFD /* LaunchScreen.xib */ = {
			isa = PBXVariantGroup;
			children = (
				E608288B19F4D9F1006E5AFD /* Base */,
			);
			name = LaunchScreen.xib;
			sourceTree = "<group>";
		};
/* End PBXVariantGroup section */

/* Begin XCBuildConfiguration section */
		E608289919F4D9F1006E5AFD /* Debug */ = {
			isa = XCBuildConfiguration;
			buildSettings = {
				ALWAYS_SEARCH_USER_PATHS = NO;
				CLANG_CXX_LANGUAGE_STANDARD = "gnu++0x";
				CLANG_CXX_LIBRARY = "libc++";
				CLANG_ENABLE_MODULES = YES;
				CLANG_ENABLE_OBJC_ARC = YES;
				CLANG_WARN_BOOL_CONVERSION = YES;
				CLANG_WARN_CONSTANT_CONVERSION = YES;
				CLANG_WARN_DIRECT_OBJC_ISA_USAGE = YES_ERROR;
				CLANG_WARN_EMPTY_BODY = YES;
				CLANG_WARN_ENUM_CONVERSION = YES;
				CLANG_WARN_INT_CONVERSION = YES;
				CLANG_WARN_OBJC_ROOT_CLASS = YES_ERROR;
				CLANG_WARN_UNREACHABLE_CODE = YES;
				CLANG_WARN__DUPLICATE_METHOD_MATCH = YES;
				"CODE_SIGN_IDENTITY[sdk=iphoneos*]" = "iPhone Developer";
				COPY_PHASE_STRIP = NO;
				ENABLE_STRICT_OBJC_MSGSEND = YES;
				GCC_C_LANGUAGE_STANDARD = gnu99;
				GCC_DYNAMIC_NO_PIC = NO;
				GCC_OPTIMIZATION_LEVEL = 0;
				GCC_PREPROCESSOR_DEFINITIONS = (
					"DEBUG=1",
					"$(inherited)",
				);
				GCC_SYMBOLS_PRIVATE_EXTERN = NO;
				GCC_WARN_64_TO_32_BIT_CONVERSION = YES;
				GCC_WARN_ABOUT_RETURN_TYPE = YES_ERROR;
				GCC_WARN_UNDECLARED_SELECTOR = YES;
				GCC_WARN_UNINITIALIZED_AUTOS = YES_AGGRESSIVE;
				GCC_WARN_UNUSED_FUNCTION = YES;
				GCC_WARN_UNUSED_VARIABLE = YES;
				IPHONEOS_DEPLOYMENT_TARGET = 8.0;
				MTL_ENABLE_DEBUG_INFO = YES;
				ONLY_ACTIVE_ARCH = YES;
				SDKROOT = iphoneos;
				SWIFT_OPTIMIZATION_LEVEL = "-Onone";
			};
			name = Debug;
		};
		E608289A19F4D9F1006E5AFD /* Release */ = {
			isa = XCBuildConfiguration;
			buildSettings = {
				ALWAYS_SEARCH_USER_PATHS = NO;
				CLANG_CXX_LANGUAGE_STANDARD = "gnu++0x";
				CLANG_CXX_LIBRARY = "libc++";
				CLANG_ENABLE_MODULES = YES;
				CLANG_ENABLE_OBJC_ARC = YES;
				CLANG_WARN_BOOL_CONVERSION = YES;
				CLANG_WARN_CONSTANT_CONVERSION = YES;
				CLANG_WARN_DIRECT_OBJC_ISA_USAGE = YES_ERROR;
				CLANG_WARN_EMPTY_BODY = YES;
				CLANG_WARN_ENUM_CONVERSION = YES;
				CLANG_WARN_INT_CONVERSION = YES;
				CLANG_WARN_OBJC_ROOT_CLASS = YES_ERROR;
				CLANG_WARN_UNREACHABLE_CODE = YES;
				CLANG_WARN__DUPLICATE_METHOD_MATCH = YES;
				"CODE_SIGN_IDENTITY[sdk=iphoneos*]" = "iPhone Developer";
				COPY_PHASE_STRIP = YES;
				ENABLE_NS_ASSERTIONS = NO;
				ENABLE_STRICT_OBJC_MSGSEND = YES;
				GCC_C_LANGUAGE_STANDARD = gnu99;
				GCC_WARN_64_TO_32_BIT_CONVERSION = YES;
				GCC_WARN_ABOUT_RETURN_TYPE = YES_ERROR;
				GCC_WARN_UNDECLARED_SELECTOR = YES;
				GCC_WARN_UNINITIALIZED_AUTOS = YES_AGGRESSIVE;
				GCC_WARN_UNUSED_FUNCTION = YES;
				GCC_WARN_UNUSED_VARIABLE = YES;
				IPHONEOS_DEPLOYMENT_TARGET = 8.0;
				MTL_ENABLE_DEBUG_INFO = NO;
				SDKROOT = iphoneos;
				VALIDATE_PRODUCT = YES;
			};
			name = Release;
		};
		E608289C19F4D9F1006E5AFD /* Debug */ = {
			isa = XCBuildConfiguration;
			buildSettings = {
				ASSETCATALOG_COMPILER_APPICON_NAME = AppIcon;
				INFOPLIST_FILE = Facebook/Info.plist;
				LD_RUNPATH_SEARCH_PATHS = "$(inherited) @executable_path/Frameworks";
				PRODUCT_NAME = "$(TARGET_NAME)";
			};
			name = Debug;
		};
		E608289D19F4D9F1006E5AFD /* Release */ = {
			isa = XCBuildConfiguration;
			buildSettings = {
				ASSETCATALOG_COMPILER_APPICON_NAME = AppIcon;
				INFOPLIST_FILE = Facebook/Info.plist;
				LD_RUNPATH_SEARCH_PATHS = "$(inherited) @executable_path/Frameworks";
				PRODUCT_NAME = "$(TARGET_NAME)";
			};
			name = Release;
		};
		E608289F19F4D9F1006E5AFD /* Debug */ = {
			isa = XCBuildConfiguration;
			buildSettings = {
				BUNDLE_LOADER = "$(TEST_HOST)";
				FRAMEWORK_SEARCH_PATHS = (
					"$(SDKROOT)/Developer/Library/Frameworks",
					"$(inherited)",
				);
				GCC_PREPROCESSOR_DEFINITIONS = (
					"DEBUG=1",
					"$(inherited)",
				);
				INFOPLIST_FILE = FacebookTests/Info.plist;
				LD_RUNPATH_SEARCH_PATHS = "$(inherited) @executable_path/Frameworks @loader_path/Frameworks";
				PRODUCT_NAME = "$(TARGET_NAME)";
				TEST_HOST = "$(BUILT_PRODUCTS_DIR)/Facebook.app/Facebook";
			};
			name = Debug;
		};
		E60828A019F4D9F1006E5AFD /* Release */ = {
			isa = XCBuildConfiguration;
			buildSettings = {
				BUNDLE_LOADER = "$(TEST_HOST)";
				FRAMEWORK_SEARCH_PATHS = (
					"$(SDKROOT)/Developer/Library/Frameworks",
					"$(inherited)",
				);
				INFOPLIST_FILE = FacebookTests/Info.plist;
				LD_RUNPATH_SEARCH_PATHS = "$(inherited) @executable_path/Frameworks @loader_path/Frameworks";
				PRODUCT_NAME = "$(TARGET_NAME)";
				TEST_HOST = "$(BUILT_PRODUCTS_DIR)/Facebook.app/Facebook";
			};
			name = Release;
		};
/* End XCBuildConfiguration section */

/* Begin XCConfigurationList section */
		E608287719F4D9F1006E5AFD /* Build configuration list for PBXProject "Facebook" */ = {
			isa = XCConfigurationList;
			buildConfigurations = (
				E608289919F4D9F1006E5AFD /* Debug */,
				E608289A19F4D9F1006E5AFD /* Release */,
			);
			defaultConfigurationIsVisible = 0;
			defaultConfigurationName = Release;
		};
		E608289B19F4D9F1006E5AFD /* Build configuration list for PBXNativeTarget "Facebook" */ = {
			isa = XCConfigurationList;
			buildConfigurations = (
				E608289C19F4D9F1006E5AFD /* Debug */,
				E608289D19F4D9F1006E5AFD /* Release */,
			);
			defaultConfigurationIsVisible = 0;
		};
		E608289E19F4D9F1006E5AFD /* Build configuration list for PBXNativeTarget "FacebookTests" */ = {
			isa = XCConfigurationList;
			buildConfigurations = (
				E608289F19F4D9F1006E5AFD /* Debug */,
				E60828A019F4D9F1006E5AFD /* Release */,
			);
			defaultConfigurationIsVisible = 0;
		};
/* End XCConfigurationList section */
	};
	rootObject = E608287419F4D9F1006E5AFD /* Project object */;
}
